
Microsoft Visual Studio Solution File, Format Version 12.00
# Visual Studio Version 16
VisualStudioVersion = 16.0.30011.22
MinimumVisualStudioVersion = 10.0.40219.1
Project("{FAE04EC0-301F-11D3-BF4B-00C04F79EFBC}") = "class.02.05", "class.02.05\class.02.05.csproj", "{99105AE3-19D6-413D-B416-78346FCB5AC6}"
EndProject
Global
	GlobalSection(SolutionConfigurationPlatforms) = preSolution
		Debug|Any CPU = Debug|Any CPU
		Release|Any CPU = Release|Any CPU
	EndGlobalSection
	GlobalSection(ProjectConfigurationPlatforms) = postSolution
		{99105AE3-19D6-413D-B416-78346FCB5AC6}.Debug|Any CPU.ActiveCfg = Debug|Any CPU
		{99105AE3-19D6-413D-B416-78346FCB5AC6}.Debug|Any CPU.Build.0 = Debug|Any CPU
		{99105AE3-19D6-413D-B416-78346FCB5AC6}.Release|Any CPU.ActiveCfg = Release|Any CPU
		{99105AE3-19D6-413D-B416-78346FCB5AC6}.Release|Any CPU.Build.0 = Release|Any CPU
	EndGlobalSection
	GlobalSection(SolutionProperties) = preSolution
		HideSolutionNode = FALSE
	EndGlobalSection
	GlobalSection(ExtensibilityGlobals) = postSolution
		SolutionGuid = {23419C5C-B91F-49A2-9B98-4A941987BD64}
	EndGlobalSection
EndGlobal
